// !$*UTF8*$!
{
	archiveVersion = 1;
	classes = {
	};
	objectVersion = 48;
	objects = {

/* Begin PBXBuildFile section */
		F566BBC81FE4076C0022A974 /* PersistenceService.swift in Sources */ = {isa = PBXBuildFile; fileRef = F566BBC71FE4076C0022A974 /* PersistenceService.swift */; };
		F566BBCA1FE409780022A974 /* Saving.swift in Sources */ = {isa = PBXBuildFile; fileRef = F566BBC91FE409780022A974 /* Saving.swift */; };
		F5BC53171F9A02EB00838A0C /* AppDelegate.swift in Sources */ = {isa = PBXBuildFile; fileRef = F5BC53161F9A02EB00838A0C /* AppDelegate.swift */; };
		F5BC53191F9A02EB00838A0C /* ViewController.swift in Sources */ = {isa = PBXBuildFile; fileRef = F5BC53181F9A02EB00838A0C /* ViewController.swift */; };
		F5BC531C1F9A02EB00838A0C /* Main.storyboard in Resources */ = {isa = PBXBuildFile; fileRef = F5BC531A1F9A02EB00838A0C /* Main.storyboard */; };
		F5BC531F1F9A02EB00838A0C /* Places_I_ve_Been.xcdatamodeld in Sources */ = {isa = PBXBuildFile; fileRef = F5BC531D1F9A02EB00838A0C /* Places_I_ve_Been.xcdatamodeld */; };
		F5BC53211F9A02EB00838A0C /* Assets.xcassets in Resources */ = {isa = PBXBuildFile; fileRef = F5BC53201F9A02EB00838A0C /* Assets.xcassets */; };
		F5BC53241F9A02EB00838A0C /* LaunchScreen.storyboard in Resources */ = {isa = PBXBuildFile; fileRef = F5BC53221F9A02EB00838A0C /* LaunchScreen.storyboard */; };
/* End PBXBuildFile section */

/* Begin PBXFileReference section */
		F566BBC71FE4076C0022A974 /* PersistenceService.swift */ = {isa = PBXFileReference; lastKnownFileType = sourcecode.swift; path = PersistenceService.swift; sourceTree = "<group>"; };
		F566BBC91FE409780022A974 /* Saving.swift */ = {isa = PBXFileReference; lastKnownFileType = sourcecode.swift; path = Saving.swift; sourceTree = "<group>"; };
		F5BC53131F9A02EB00838A0C /* Places I've Been.app */ = {isa = PBXFileReference; explicitFileType = wrapper.application; includeInIndex = 0; path = "Places I've Been.app"; sourceTree = BUILT_PRODUCTS_DIR; };
		F5BC53161F9A02EB00838A0C /* AppDelegate.swift */ = {isa = PBXFileReference; lastKnownFileType = sourcecode.swift; path = AppDelegate.swift; sourceTree = "<group>"; };
		F5BC53181F9A02EB00838A0C /* ViewController.swift */ = {isa = PBXFileReference; lastKnownFileType = sourcecode.swift; path = ViewController.swift; sourceTree = "<group>"; };
		F5BC531B1F9A02EB00838A0C /* Base */ = {isa = PBXFileReference; lastKnownFileType = file.storyboard; name = Base; path = Base.lproj/Main.storyboard; sourceTree = "<group>"; };
		F5BC531E1F9A02EB00838A0C /* Places_I_ve_Been.xcdatamodel */ = {isa = PBXFileReference; lastKnownFileType = wrapper.xcdatamodel; path = Places_I_ve_Been.xcdatamodel; sourceTree = "<group>"; };
		F5BC53201F9A02EB00838A0C /* Assets.xcassets */ = {isa = PBXFileReference; lastKnownFileType = folder.assetcatalog; path = Assets.xcassets; sourceTree = "<group>"; };
		F5BC53231F9A02EB00838A0C /* Base */ = {isa = PBXFileReference; lastKnownFileType = file.storyboard; name = Base; path = Base.lproj/LaunchScreen.storyboard; sourceTree = "<group>"; };
		F5BC53251F9A02EB00838A0C /* Info.plist */ = {isa = PBXFileReference; lastKnownFileType = text.plist.xml; path = Info.plist; sourceTree = "<group>"; };
/* End PBXFileReference section */

/* Begin PBXFrameworksBuildPhase section */
		F5BC53101F9A02EB00838A0C /* Frameworks */ = {
			isa = PBXFrameworksBuildPhase;
			buildActionMask = 2147483647;
			files = (
			);
			runOnlyForDeploymentPostprocessing = 0;
		};
/* End PBXFrameworksBuildPhase section */

/* Begin PBXGroup section */
		F5BC530A1F9A02EB00838A0C = {
			isa = PBXGroup;
			children = (
				F5BC53151F9A02EB00838A0C /* Places I've Been */,
				F5BC53141F9A02EB00838A0C /* Products */,
			);
			sourceTree = "<group>";
		};
		F5BC53141F9A02EB00838A0C /* Products */ = {
			isa = PBXGroup;
			children = (
				F5BC53131F9A02EB00838A0C /* Places I've Been.app */,
			);
			name = Products;
			sourceTree = "<group>";
		};
		F5BC53151F9A02EB00838A0C /* Places I've Been */ = {
			isa = PBXGroup;
			children = (
				F5BC53161F9A02EB00838A0C /* AppDelegate.swift */,
				F5BC53181F9A02EB00838A0C /* ViewController.swift */,
				F5BC531A1F9A02EB00838A0C /* Main.storyboard */,
				F5BC53201F9A02EB00838A0C /* Assets.xcassets */,
				F5BC53221F9A02EB00838A0C /* LaunchScreen.storyboard */,
				F5BC53251F9A02EB00838A0C /* Info.plist */,
				F5BC531D1F9A02EB00838A0C /* Places_I_ve_Been.xcdatamodeld */,
				F566BBC71FE4076C0022A974 /* PersistenceService.swift */,
				F566BBC91FE409780022A974 /* Saving.swift */,
			);
			path = "Places I've Been";
			sourceTree = "<group>";
		};
/* End PBXGroup section */

/* Begin PBXNativeTarget section */
		F5BC53121F9A02EB00838A0C /* Places I've Been */ = {
			isa = PBXNativeTarget;
			buildConfigurationList = F5BC53281F9A02EB00838A0C /* Build configuration list for PBXNativeTarget "Places I've Been" */;
			buildPhases = (
				F5BC530F1F9A02EB00838A0C /* Sources */,
				F5BC53101F9A02EB00838A0C /* Frameworks */,
				F5BC53111F9A02EB00838A0C /* Resources */,
			);
			buildRules = (
			);
			dependencies = (
			);
			name = "Places I've Been";
			productName = "Places I've Been";
			productReference = F5BC53131F9A02EB00838A0C /* Places I've Been.app */;
			productType = "com.apple.product-type.application";
		};
/* End PBXNativeTarget section */

/* Begin PBXProject section */
		F5BC530B1F9A02EB00838A0C /* Project object */ = {
			isa = PBXProject;
			attributes = {
				LastSwiftUpdateCheck = 0900;
				LastUpgradeCheck = 0900;
				ORGANIZATIONNAME = "Jonathan Nates";
				TargetAttributes = {
					F5BC53121F9A02EB00838A0C = {
						CreatedOnToolsVersion = 9.0;
						ProvisioningStyle = Automatic;
					};
				};
			};
			buildConfigurationList = F5BC530E1F9A02EB00838A0C /* Build configuration list for PBXProject "Places I've Been" */;
			compatibilityVersion = "Xcode 8.0";
			developmentRegion = en;
			hasScannedForEncodings = 0;
			knownRegions = (
				en,
				Base,
			);
			mainGroup = F5BC530A1F9A02EB00838A0C;
			productRefGroup = F5BC53141F9A02EB00838A0C /* Products */;
			projectDirPath = "";
			projectRoot = "";
			targets = (
				F5BC53121F9A02EB00838A0C /* Places I've Been */,
			);
		};
/* End PBXProject section */

/* Begin PBXResourcesBuildPhase section */
		F5BC53111F9A02EB00838A0C /* Resources */ = {
			isa = PBXResourcesBuildPhase;
			buildActionMask = 2147483647;
			files = (
				F5BC53241F9A02EB00838A0C /* LaunchScreen.storyboard in Resources */,
				F5BC53211F9A02EB00838A0C /* Assets.xcassets in Resources */,
				F5BC531C1F9A02EB00838A0C /* Main.storyboard in Resources */,
			);
			runOnlyForDeploymentPostprocessing = 0;
		};
/* End PBXResourcesBuildPhase section */

/* Begin PBXSourcesBuildPhase section */
		F5BC530F1F9A02EB00838A0C /* Sources */ = {
			isa = PBXSourcesBuildPhase;
			buildActionMask = 2147483647;
			files = (
				F566BBCA1FE409780022A974 /* Saving.swift in Sources */,
				F5BC531F1F9A02EB00838A0C /* Places_I_ve_Been.xcdatamodeld in Sources */,
				F566BBC81FE4076C0022A974 /* PersistenceService.swift in Sources */,
				F5BC53191F9A02EB00838A0C /* ViewController.swift in Sources */,
				F5BC53171F9A02EB00838A0C /* AppDelegate.swift in Sources */,
			);
			runOnlyForDeploymentPostprocessing = 0;
		};
/* End PBXSourcesBuildPhase section */

/* Begin PBXVariantGroup section */
		F5BC531A1F9A02EB00838A0C /* Main.storyboard */ = {
			isa = PBXVariantGroup;
			children = (
				F5BC531B1F9A02EB00838A0C /* Base */,
			);
			name = Main.storyboard;
			sourceTree = "<group>";
		};
		F5BC53221F9A02EB00838A0C /* LaunchScreen.storyboard */ = {
			isa = PBXVariantGroup;
			children = (
				F5BC53231F9A02EB00838A0C /* Base */,
			);
			name = LaunchScreen.storyboard;
			sourceTree = "<group>";
		};
/* End PBXVariantGroup section */

/* Begin XCBuildConfiguration section */
		F5BC53261F9A02EB00838A0C /* Debug */ = {
			isa = XCBuildConfiguration;
			buildSettings = {
				ALWAYS_SEARCH_USER_PATHS = NO;
				CLANG_ANALYZER_NONNULL = YES;
				CLANG_ANALYZER_NUMBER_OBJECT_CONVERSION = YES_AGGRESSIVE;
				CLANG_CXX_LANGUAGE_STANDARD = "gnu++14";
				CLANG_CXX_LIBRARY = "libc++";
				CLANG_ENABLE_MODULES = YES;
				CLANG_ENABLE_OBJC_ARC = YES;
				CLANG_WARN_BLOCK_CAPTURE_AUTORELEASING = YES;
				CLANG_WARN_BOOL_CONVERSION = YES;
				CLANG_WARN_COMMA = YES;
				CLANG_WARN_CONSTANT_CONVERSION = YES;
				CLANG_WARN_DIRECT_OBJC_ISA_USAGE = YES_ERROR;
				CLANG_WARN_DOCUMENTATION_COMMENTS = YES;
				CLANG_WARN_EMPTY_BODY = YES;
				CLANG_WARN_ENUM_CONVERSION = YES;
				CLANG_WARN_INFINITE_RECURSION = YES;
				CLANG_WARN_INT_CONVERSION = YES;
				CLANG_WARN_NON_LITERAL_NULL_CONVERSION = YES;
				CLANG_WARN_OBJC_LITERAL_CONVERSION = YES;
				CLANG_WARN_OBJC_ROOT_CLASS = YES_ERROR;
				CLANG_WARN_RANGE_LOOP_ANALYSIS = YES;
				CLANG_WARN_STRICT_PROTOTYPES = YES;
				CLANG_WARN_SUSPICIOUS_MOVE = YES;
				CLANG_WARN_UNGUARDED_AVAILABILITY = YES_AGGRESSIVE;
				CLANG_WARN_UNREACHABLE_CODE = YES;
				CLANG_WARN__DUPLICATE_METHOD_MATCH = YES;
				CODE_SIGN_IDENTITY = "iPhone Developer";
				COPY_PHASE_STRIP = NO;
				DEBUG_INFORMATION_FORMAT = dwarf;
				ENABLE_STRICT_OBJC_MSGSEND = YES;
				ENABLE_TESTABILITY = YES;
				GCC_C_LANGUAGE_STANDARD = gnu11;
				GCC_DYNAMIC_NO_PIC = NO;
				GCC_NO_COMMON_BLOCKS = YES;
				GCC_OPTIMIZATION_LEVEL = 0;
				GCC_PREPROCESSOR_DEFINITIONS = (
					"DEBUG=1",
					"$(inherited)",
				);
				GCC_WARN_64_TO_32_BIT_CONVERSION = YES;
				GCC_WARN_ABOUT_RETURN_TYPE = YES_ERROR;
				GCC_WARN_UNDECLARED_SELECTOR = YES;
				GCC_WARN_UNINITIALIZED_AUTOS = YES_AGGRESSIVE;
				GCC_WARN_UNUSED_FUNCTION = YES;
				GCC_WARN_UNUSED_VARIABLE = YES;
				IPHONEOS_DEPLOYMENT_TARGET = 11.0;
				MTL_ENABLE_DEBUG_INFO = YES;
				ONLY_ACTIVE_ARCH = YES;
				SDKROOT = iphoneos;
				SWIFT_ACTIVE_COMPILATION_CONDITIONS = DEBUG;
				SWIFT_OPTIMIZATION_LEVEL = "-Onone";
			};
			name = Debug;
		};
		F5BC53271F9A02EB00838A0C /* Release */ = {
			isa = XCBuildConfiguration;
			buildSettings = {
				ALWAYS_SEARCH_USER_PATHS = NO;
				CLANG_ANALYZER_NONNULL = YES;
				CLANG_ANALYZER_NUMBER_OBJECT_CONVERSION = YES_AGGRESSIVE;
				CLANG_CXX_LANGUAGE_STANDARD = "gnu++14";
				CLANG_CXX_LIBRARY = "libc++";
				CLANG_ENABLE_MODULES = YES;
				CLANG_ENABLE_OBJC_ARC = YES;
				CLANG_WARN_BLOCK_CAPTURE_AUTORELEASING = YES;
				CLANG_WARN_BOOL_CONVERSION = YES;
				CLANG_WARN_COMMA = YES;
				CLANG_WARN_CONSTANT_CONVERSION = YES;
				CLANG_WARN_DIRECT_OBJC_ISA_USAGE = YES_ERROR;
				CLANG_WARN_DOCUMENTATION_COMMENTS = YES;
				CLANG_WARN_EMPTY_BODY = YES;
				CLANG_WARN_ENUM_CONVERSION = YES;
				CLANG_WARN_INFINITE_RECURSION = YES;
				CLANG_WARN_INT_CONVERSION = YES;
				CLANG_WARN_NON_LITERAL_NULL_CONVERSION = YES;
				CLANG_WARN_OBJC_LITERAL_CONVERSION = YES;
				CLANG_WARN_OBJC_ROOT_CLASS = YES_ERROR;
				CLANG_WARN_RANGE_LOOP_ANALYSIS = YES;
				CLANG_WARN_STRICT_PROTOTYPES = YES;
				CLANG_WARN_SUSPICIOUS_MOVE = YES;
				CLANG_WARN_UNGUARDED_AVAILABILITY = YES_AGGRESSIVE;
				CLANG_WARN_UNREACHABLE_CODE = YES;
				CLANG_WARN__DUPLICATE_METHOD_MATCH = YES;
				CODE_SIGN_IDENTITY = "iPhone Developer";
				COPY_PHASE_STRIP = NO;
				DEBUG_INFORMATION_FORMAT = "dwarf-with-dsym";
				ENABLE_NS_ASSERTIONS = NO;
				ENABLE_STRICT_OBJC_MSGSEND = YES;
				GCC_C_LANGUAGE_STANDARD = gnu11;
				GCC_NO_COMMON_BLOCKS = YES;
				GCC_WARN_64_TO_32_BIT_CONVERSION = YES;
				GCC_WARN_ABOUT_RETURN_TYPE = YES_ERROR;
				GCC_WARN_UNDECLARED_SELECTOR = YES;
				GCC_WARN_UNINITIALIZED_AUTOS = YES_AGGRESSIVE;
				GCC_WARN_UNUSED_FUNCTION = YES;
				GCC_WARN_UNUSED_VARIABLE = YES;
				IPHONEOS_DEPLOYMENT_TARGET = 11.0;
				MTL_ENABLE_DEBUG_INFO = NO;
				SDKROOT = iphoneos;
				SWIFT_OPTIMIZATION_LEVEL = "-Owholemodule";
				VALIDATE_PRODUCT = YES;
			};
			name = Release;
		};
		F5BC53291F9A02EB00838A0C /* Debug */ = {
			isa = XCBuildConfiguration;
			buildSettings = {
				ASSETCATALOG_COMPILER_APPICON_NAME = AppIcon;
				CODE_SIGN_STYLE = Automatic;
				INFOPLIST_FILE = "Places I've Been/Info.plist";
				LD_RUNPATH_SEARCH_PATHS = "$(inherited) @executable_path/Frameworks";
				PRODUCT_BUNDLE_IDENTIFIER = "ac.uk.jonathannates.Places-I-ve-Been";
				PRODUCT_NAME = "$(TARGET_NAME)";
				SWIFT_VERSION = 4.0;
				TARGETED_DEVICE_FAMILY = "1,2";
			};
			name = Debug;
		};
		F5BC532A1F9A02EB00838A0C /* Release */ = {
			isa = XCBuildConfiguration;
			buildSettings = {
				ASSETCATALOG_COMPILER_APPICON_NAME = AppIcon;
				CODE_SIGN_STYLE = Automatic;
				INFOPLIST_FILE = "Places I've Been/Info.plist";
				LD_RUNPATH_SEARCH_PATHS = "$(inherited) @executable_path/Frameworks";
				PRODUCT_BUNDLE_IDENTIFIER = "ac.uk.jonathannates.Places-I-ve-Been";
				PRODUCT_NAME = "$(TARGET_NAME)";
				SWIFT_VERSION = 4.0;
				TARGETED_DEVICE_FAMILY = "1,2";
			};
			name = Release;
		};
/* End XCBuildConfiguration section */

/* Begin XCConfigurationList section */
		F5BC530E1F9A02EB00838A0C /* Build configuration list for PBXProject "Places I've Been" */ = {
			isa = XCConfigurationList;
			buildConfigurations = (
				F5BC53261F9A02EB00838A0C /* Debug */,
				F5BC53271F9A02EB00838A0C /* Release */,
			);
			defaultConfigurationIsVisible = 0;
			defaultConfigurationName = Release;
		};
		F5BC53281F9A02EB00838A0C /* Build configuration list for PBXNativeTarget "Places I've Been" */ = {
			isa = XCConfigurationList;
			buildConfigurations = (
				F5BC53291F9A02EB00838A0C /* Debug */,
				F5BC532A1F9A02EB00838A0C /* Release */,
			);
			defaultConfigurationIsVisible = 0;
			defaultConfigurationName = Release;
		};
/* End XCConfigurationList section */

/* Begin XCVersionGroup section */
		F5BC531D1F9A02EB00838A0C /* Places_I_ve_Been.xcdatamodeld */ = {
			isa = XCVersionGroup;
			children = (
				F5BC531E1F9A02EB00838A0C /* Places_I_ve_Been.xcdatamodel */,
			);
			currentVersion = F5BC531E1F9A02EB00838A0C /* Places_I_ve_Been.xcdatamodel */;
			path = Places_I_ve_Been.xcdatamodeld;
			sourceTree = "<group>";
			versionGroupType = wrapper.xcdatamodel;
		};
/* End XCVersionGroup section */
	};
	rootObject = F5BC530B1F9A02EB00838A0C /* Project object */;
}
